<Solution>
  <Folder Name="/src/">
    <Project Path="src/Modules/Platform/CommerceOS.Platform.Domain/CommerceOS.Platform.Domain.csproj" />
    <Project Path="src/Modules/Platform/CommerceOS.Platform.Application/CommerceOS.Platform.Application.csproj" />
    <Project Path="src/Modules/Platform/CommerceOS.Platform.Infrastructure/CommerceOS.Platform.Infrastructure.csproj" />
    <Project Path="src/CommerceOS.Api/CommerceOS.Api.csproj" />
  </Folder>
  <Folder Name="/infra/">
    <Project Path="infra/CommerceOS.Cdk/CommerceOS.Cdk.csproj" />
  </Folder>
  <Folder Name="/tests/">
    <Project Path="tests/CommerceOS.Platform.UnitTests/CommerceOS.Platform.UnitTests.csproj" />
    <Project Path="tests/CommerceOS.ArchitectureTests/CommerceOS.ArchitectureTests.csproj" />
    <Project Path="tests/CommerceOS.Cdk.Tests/CommerceOS.Cdk.Tests.csproj" />
  </Folder>
</Solution>

