<Solution>
  <Folder Name="/src/">
    <Project Path="src/Modules/Platform/CommerceOS.Platform.Domain/CommerceOS.Platform.Domain.csproj" />
    <Project Path="src/Modules/Platform/CommerceOS.Platform.Application/CommerceOS.Platform.Application.csproj" />
    <Project Path="src/Modules/Platform/CommerceOS.Platform.Infrastructure/CommerceOS.Platform.Infrastructure.csproj" />
    <Project Path="src/Modules/Tenancy/CommerceOS.Tenancy.Domain/CommerceOS.Tenancy.Domain.csproj" />
    <Project Path="src/Modules/Tenancy/CommerceOS.Tenancy.Application/CommerceOS.Tenancy.Application.csproj" />
    <Project Path="src/Modules/Tenancy/CommerceOS.Tenancy.Infrastructure/CommerceOS.Tenancy.Infrastructure.csproj" />
    <Project Path="src/Modules/SubscriptionBilling/CommerceOS.SubscriptionBilling.Domain/CommerceOS.SubscriptionBilling.Domain.csproj" />
    <Project Path="src/Modules/SubscriptionBilling/CommerceOS.SubscriptionBilling.Contracts/CommerceOS.SubscriptionBilling.Contracts.csproj" />
    <Project Path="src/Modules/SubscriptionBilling/CommerceOS.SubscriptionBilling.Application/CommerceOS.SubscriptionBilling.Application.csproj" />
    <Project Path="src/Modules/SubscriptionBilling/CommerceOS.SubscriptionBilling.Infrastructure/CommerceOS.SubscriptionBilling.Infrastructure.csproj" />
    <Project Path="src/Modules/Catalog/CommerceOS.Catalog.Domain/CommerceOS.Catalog.Domain.csproj" />
    <Project Path="src/Modules/Catalog/CommerceOS.Catalog.Application/CommerceOS.Catalog.Application.csproj" />
    <Project Path="src/Modules/Catalog/CommerceOS.Catalog.Infrastructure/CommerceOS.Catalog.Infrastructure.csproj" />
    <Project Path="src/Modules/Inventory/CommerceOS.Inventory.Domain/CommerceOS.Inventory.Domain.csproj" />
    <Project Path="src/Modules/Inventory/CommerceOS.Inventory.Application/CommerceOS.Inventory.Application.csproj" />
    <Project Path="src/Modules/Inventory/CommerceOS.Inventory.Infrastructure/CommerceOS.Inventory.Infrastructure.csproj" />
    <Project Path="src/Modules/Inventory/CommerceOS.Inventory.Contracts/CommerceOS.Inventory.Contracts.csproj" />
    <Project Path="src/Modules/Tenancy/CommerceOS.Tenancy.Contracts/CommerceOS.Tenancy.Contracts.csproj" />
    <Project Path="src/Modules/Storefront/CommerceOS.Storefront.Domain/CommerceOS.Storefront.Domain.csproj" />
    <Project Path="src/Modules/Storefront/CommerceOS.Storefront.Application/CommerceOS.Storefront.Application.csproj" />
    <Project Path="src/Modules/Pricing/CommerceOS.Pricing.Domain/CommerceOS.Pricing.Domain.csproj" />
    <Project Path="src/Modules/Pricing/CommerceOS.Pricing.Contracts/CommerceOS.Pricing.Contracts.csproj" />
    <Project Path="src/Modules/Pricing/CommerceOS.Pricing.Application/CommerceOS.Pricing.Application.csproj" />
    <Project Path="src/Modules/Pricing/CommerceOS.Pricing.Infrastructure/CommerceOS.Pricing.Infrastructure.csproj" />
    <Project Path="src/Modules/Sales/CommerceOS.Sales.Domain/CommerceOS.Sales.Domain.csproj" />
    <Project Path="src/Modules/Sales/CommerceOS.Sales.Contracts/CommerceOS.Sales.Contracts.csproj" />
    <Project Path="src/Modules/Sales/CommerceOS.Sales.Application/CommerceOS.Sales.Application.csproj" />
    <Project Path="src/Modules/Sales/CommerceOS.Sales.Infrastructure/CommerceOS.Sales.Infrastructure.csproj" />
    <Project Path="src/Modules/MockPaymentProvider/CommerceOS.MockPaymentProvider.Contracts/CommerceOS.MockPaymentProvider.Contracts.csproj" />
    <Project Path="src/Modules/Payments/CommerceOS.Payments.Domain/CommerceOS.Payments.Domain.csproj" />
    <Project Path="src/Modules/Payments/CommerceOS.Payments.Contracts/CommerceOS.Payments.Contracts.csproj" />
    <Project Path="src/Modules/Payments/CommerceOS.Payments.Application/CommerceOS.Payments.Application.csproj" />
    <Project Path="src/Modules/Payments/CommerceOS.Payments.Infrastructure/CommerceOS.Payments.Infrastructure.csproj" />
    <Project Path="src/Modules/OrderOrchestration/CommerceOS.OrderOrchestration.Domain/CommerceOS.OrderOrchestration.Domain.csproj" />
    <Project Path="src/Modules/OrderOrchestration/CommerceOS.OrderOrchestration.Application/CommerceOS.OrderOrchestration.Application.csproj" />
    <Project Path="src/Modules/FilesMedia/CommerceOS.FilesMedia.Domain/CommerceOS.FilesMedia.Domain.csproj" />
    <Project Path="src/Modules/FilesMedia/CommerceOS.FilesMedia.Contracts/CommerceOS.FilesMedia.Contracts.csproj" />
    <Project Path="src/Modules/FilesMedia/CommerceOS.FilesMedia.Application/CommerceOS.FilesMedia.Application.csproj" />
    <Project Path="src/Modules/FilesMedia/CommerceOS.FilesMedia.Infrastructure/CommerceOS.FilesMedia.Infrastructure.csproj" />
    <Project Path="src/Modules/Catalog/CommerceOS.Catalog.Contracts/CommerceOS.Catalog.Contracts.csproj" />
    <Project Path="src/Modules/Procurement/CommerceOS.Procurement.Domain/CommerceOS.Procurement.Domain.csproj" />
    <Project Path="src/Modules/Procurement/CommerceOS.Procurement.Application/CommerceOS.Procurement.Application.csproj" />
    <Project Path="src/Modules/Procurement/CommerceOS.Procurement.Infrastructure/CommerceOS.Procurement.Infrastructure.csproj" />
    <Project Path="src/Modules/ProductDataIngestion/CommerceOS.ProductDataIngestion.Domain/CommerceOS.ProductDataIngestion.Domain.csproj" />
    <Project Path="src/Modules/ProductDataIngestion/CommerceOS.ProductDataIngestion.Application/CommerceOS.ProductDataIngestion.Application.csproj" />
    <Project Path="src/Modules/ProductDataIngestion/CommerceOS.ProductDataIngestion.Infrastructure/CommerceOS.ProductDataIngestion.Infrastructure.csproj" />
    <Project Path="src/Modules/MockPaymentProvider/CommerceOS.MockPaymentProvider.Domain/CommerceOS.MockPaymentProvider.Domain.csproj" />
    <Project Path="src/Modules/MockPaymentProvider/CommerceOS.MockPaymentProvider.Application/CommerceOS.MockPaymentProvider.Application.csproj" />
    <Project Path="src/Modules/MockPaymentProvider/CommerceOS.MockPaymentProvider.Infrastructure/CommerceOS.MockPaymentProvider.Infrastructure.csproj" />
    <Project Path="src/Modules/Audit/CommerceOS.Audit.Domain/CommerceOS.Audit.Domain.csproj" />
    <Project Path="src/Modules/Audit/CommerceOS.Audit.Application/CommerceOS.Audit.Application.csproj" />
    <Project Path="src/Modules/Audit/CommerceOS.Audit.Infrastructure/CommerceOS.Audit.Infrastructure.csproj" />
    <Project Path="src/Modules/Accounting/CommerceOS.Accounting.Domain/CommerceOS.Accounting.Domain.csproj" />
    <Project Path="src/Modules/Accounting/CommerceOS.Accounting.Application/CommerceOS.Accounting.Application.csproj" />
    <Project Path="src/Modules/Accounting/CommerceOS.Accounting.Infrastructure/CommerceOS.Accounting.Infrastructure.csproj" />
    <Project Path="src/Modules/Reporting/CommerceOS.Reporting.Domain/CommerceOS.Reporting.Domain.csproj" />
    <Project Path="src/Modules/Reporting/CommerceOS.Reporting.Application/CommerceOS.Reporting.Application.csproj" />
    <Project Path="src/Modules/Reporting/CommerceOS.Reporting.Infrastructure/CommerceOS.Reporting.Infrastructure.csproj" />
    <Project Path="src/Modules/Notification/CommerceOS.Notification.Domain/CommerceOS.Notification.Domain.csproj" />
    <Project Path="src/Modules/Notification/CommerceOS.Notification.Application/CommerceOS.Notification.Application.csproj" />
    <Project Path="src/Modules/Notification/CommerceOS.Notification.Infrastructure/CommerceOS.Notification.Infrastructure.csproj" />
    <Project Path="src/Modules/Customer/CommerceOS.Customer.Domain/CommerceOS.Customer.Domain.csproj" />
    <Project Path="src/Modules/Customer/CommerceOS.Customer.Contracts/CommerceOS.Customer.Contracts.csproj" />
    <Project Path="src/Modules/Customer/CommerceOS.Customer.Application/CommerceOS.Customer.Application.csproj" />
    <Project Path="src/Modules/Customer/CommerceOS.Customer.Infrastructure/CommerceOS.Customer.Infrastructure.csproj" />
    <Project Path="src/CommerceOS.Api/CommerceOS.Api.csproj" />
  </Folder>
  <Folder Name="/infra/">
    <Project Path="infra/CommerceOS.Cdk/CommerceOS.Cdk.csproj" />
  </Folder>
  <Folder Name="/tools/">
    <Project Path="tools/CommerceOS.SubscriptionBilling.Bootstrap/CommerceOS.SubscriptionBilling.Bootstrap.csproj" />
  </Folder>
  <Folder Name="/tests/">
    <Project Path="tests/CommerceOS.Platform.UnitTests/CommerceOS.Platform.UnitTests.csproj" />
    <Project Path="tests/CommerceOS.ArchitectureTests/CommerceOS.ArchitectureTests.csproj" />
    <Project Path="tests/CommerceOS.Cdk.Tests/CommerceOS.Cdk.Tests.csproj" />
    <Project Path="tests/CommerceOS.Tenancy.UnitTests/CommerceOS.Tenancy.UnitTests.csproj" />
    <Project Path="tests/CommerceOS.SubscriptionBilling.UnitTests/CommerceOS.SubscriptionBilling.UnitTests.csproj" />
    <Project Path="tests/CommerceOS.Catalog.UnitTests/CommerceOS.Catalog.UnitTests.csproj" />
    <Project Path="tests/CommerceOS.Inventory.UnitTests/CommerceOS.Inventory.UnitTests.csproj" />
    <Project Path="tests/CommerceOS.Procurement.UnitTests/CommerceOS.Procurement.UnitTests.csproj" />
    <Project Path="tests/CommerceOS.MockPaymentProvider.UnitTests/CommerceOS.MockPaymentProvider.UnitTests.csproj" />
    <Project Path="tests/CommerceOS.ProductDataIngestion.UnitTests/CommerceOS.ProductDataIngestion.UnitTests.csproj" />
    <Project Path="tests/CommerceOS.Audit.UnitTests/CommerceOS.Audit.UnitTests.csproj" />
    <Project Path="tests/CommerceOS.Sales.UnitTests/CommerceOS.Sales.UnitTests.csproj" />
    <Project Path="tests/CommerceOS.Storefront.UnitTests/CommerceOS.Storefront.UnitTests.csproj" />
    <Project Path="tests/CommerceOS.Payments.UnitTests/CommerceOS.Payments.UnitTests.csproj" />
    <Project Path="tests/CommerceOS.OrderOrchestration.UnitTests/CommerceOS.OrderOrchestration.UnitTests.csproj" />
    <Project Path="tests/CommerceOS.Accounting.UnitTests/CommerceOS.Accounting.UnitTests.csproj" />
    <Project Path="tests/CommerceOS.Reporting.UnitTests/CommerceOS.Reporting.UnitTests.csproj" />
    <Project Path="tests/CommerceOS.Notification.UnitTests/CommerceOS.Notification.UnitTests.csproj" />
    <Project Path="tests/CommerceOS.Customer.UnitTests/CommerceOS.Customer.UnitTests.csproj" />
    <Project Path="tests/CommerceOS.Pricing.UnitTests/CommerceOS.Pricing.UnitTests.csproj" />
  </Folder>
</Solution>

